
Microsoft Visual Studio Solution File, Format Version 12.00
# Visual Studio Version 17
VisualStudioVersion = 17.9.34607.119
MinimumVisualStudioVersion = 10.0.40219.1
Project("{FAE04EC0-301F-11D3-BF4B-00C04F79EFBC}") = "Website", "Website\Website.csproj", "{F10A4B7B-FE76-4915-BACF-9FFB7B99B3B5}"
EndProject
Global
	GlobalSection(SolutionConfigurationPlatforms) = preSolution
		Debug|Any CPU = Debug|Any CPU
		Release|Any CPU = Release|Any CPU
	EndGlobalSection
	GlobalSection(ProjectConfigurationPlatforms) = postSolution
		{F10A4B7B-FE76-4915-BACF-9FFB7B99B3B5}.Debug|Any CPU.ActiveCfg = Debug|Any CPU
		{F10A4B7B-FE76-4915-BACF-9FFB7B99B3B5}.Debug|Any CPU.Build.0 = Debug|Any CPU
		{F10A4B7B-FE76-4915-BACF-9FFB7B99B3B5}.Release|Any CPU.ActiveCfg = Release|Any CPU
		{F10A4B7B-FE76-4915-BACF-9FFB7B99B3B5}.Release|Any CPU.Build.0 = Release|Any CPU
	EndGlobalSection
	GlobalSection(SolutionProperties) = preSolution
		HideSolutionNode = FALSE
	EndGlobalSection
	GlobalSection(ExtensibilityGlobals) = postSolution
		SolutionGuid = {8AEE113E-9D4B-4637-BA64-83BFDD3E6E55}
	EndGlobalSection
EndGlobal
